// !$*UTF8*$!
{
	archiveVersion = 1;
	classes = {
	};
	objectVersion = 77;
	objects = {

/* Begin PBXContainerItemProxy section */
		7FCB8FB92D3034A2000C0A39 /* PBXContainerItemProxy */ = {
			isa = PBXContainerItemProxy;
			containerPortal = 7FCB8FA02D30349F000C0A39 /* Project object */;
			proxyType = 1;
			remoteGlobalIDString = 7FCB8FA72D30349F000C0A39;
			remoteInfo = "DFSM Fantasy Sports";
		};
		7FCB8FC32D3034A2000C0A39 /* PBXContainerItemProxy */ = {
			isa = PBXContainerItemProxy;
			containerPortal = 7FCB8FA02D30349F000C0A39 /* Project object */;
			proxyType = 1;
			remoteGlobalIDString = 7FCB8FA72D30349F000C0A39;
			remoteInfo = "DFSM Fantasy Sports";
		};
/* End PBXContainerItemProxy section */

/* Begin PBXFileReference section */
		7FCB8FA82D30349F000C0A39 /* DFSM Fantasy Sports.app */ = {isa = PBXFileReference; explicitFileType = wrapper.application; includeInIndex = 0; path = "DFSM Fantasy Sports.app"; sourceTree = BUILT_PRODUCTS_DIR; };
		7FCB8FB82D3034A2000C0A39 /* DFSM Fantasy SportsTests.xctest */ = {isa = PBXFileReference; explicitFileType = wrapper.cfbundle; includeInIndex = 0; path = "DFSM Fantasy SportsTests.xctest"; sourceTree = BUILT_PRODUCTS_DIR; };
		7FCB8FC22D3034A2000C0A39 /* DFSM Fantasy SportsUITests.xctest */ = {isa = PBXFileReference; explicitFileType = wrapper.cfbundle; includeInIndex = 0; path = "DFSM Fantasy SportsUITests.xctest"; sourceTree = BUILT_PRODUCTS_DIR; };
/* End PBXFileReference section */

/* Begin PBXFileSystemSynchronizedRootGroup section */
		7FCB8FAA2D30349F000C0A39 /* DFSM Fantasy Sports */ = {
			isa = PBXFileSystemSynchronizedRootGroup;
			path = "DFSM Fantasy Sports";
			sourceTree = "<group>";
		};
		7FCB8FBB2D3034A2000C0A39 /* DFSM Fantasy SportsTests */ = {
			isa = PBXFileSystemSynchronizedRootGroup;
			path = "DFSM Fantasy SportsTests";
			sourceTree = "<group>";
		};
		7FCB8FC52D3034A2000C0A39 /* DFSM Fantasy SportsUITests */ = {
			isa = PBXFileSystemSynchronizedRootGroup;
			path = "DFSM Fantasy SportsUITests";
			sourceTree = "<group>";
		};
/* End PBXFileSystemSynchronizedRootGroup section */

/* Begin PBXFrameworksBuildPhase section */
		7FCB8FA52D30349F000C0A39 /* Frameworks */ = {
			isa = PBXFrameworksBuildPhase;
			buildActionMask = 2147483647;
			files = (
			);
			runOnlyForDeploymentPostprocessing = 0;
		};
		7FCB8FB52D3034A2000C0A39 /* Frameworks */ = {
			isa = PBXFrameworksBuildPhase;
			buildActionMask = 2147483647;
			files = (
			);
			runOnlyForDeploymentPostprocessing = 0;
		};
		7FCB8FBF2D3034A2000C0A39 /* Frameworks */ = {
			isa = PBXFrameworksBuildPhase;
			buildActionMask = 2147483647;
			files = (
			);
			runOnlyForDeploymentPostprocessing = 0;
		};
/* End PBXFrameworksBuildPhase section */

/* Begin PBXGroup section */
		7FCB8F9F2D30349F000C0A39 = {
			isa = PBXGroup;
			children = (
				7FCB8FAA2D30349F000C0A39 /* DFSM Fantasy Sports */,
				7FCB8FBB2D3034A2000C0A39 /* DFSM Fantasy SportsTests */,
				7FCB8FC52D3034A2000C0A39 /* DFSM Fantasy SportsUITests */,
				7FCB8FA92D30349F000C0A39 /* Products */,
			);
			sourceTree = "<group>";
		};
		7FCB8FA92D30349F000C0A39 /* Products */ = {
			isa = PBXGroup;
			children = (
				7FCB8FA82D30349F000C0A39 /* DFSM Fantasy Sports.app */,
				7FCB8FB82D3034A2000C0A39 /* DFSM Fantasy SportsTests.xctest */,
				7FCB8FC22D3034A2000C0A39 /* DFSM Fantasy SportsUITests.xctest */,
			);
			name = Products;
			sourceTree = "<group>";
		};
/* End PBXGroup section */

/* Begin PBXNativeTarget section */
		7FCB8FA72D30349F000C0A39 /* DFSM Fantasy Sports */ = {
			isa = PBXNativeTarget;
			buildConfigurationList = 7FCB8FCC2D3034A2000C0A39 /* Build configuration list for PBXNativeTarget "DFSM Fantasy Sports" */;
			buildPhases = (
				7FCB8FA42D30349F000C0A39 /* Sources */,
				7FCB8FA52D30349F000C0A39 /* Frameworks */,
				7FCB8FA62D30349F000C0A39 /* Resources */,
			);
			buildRules = (
			);
			dependencies = (
			);
			fileSystemSynchronizedGroups = (
				7FCB8FAA2D30349F000C0A39 /* DFSM Fantasy Sports */,
			);
			name = "DFSM Fantasy Sports";
			packageProductDependencies = (
			);
			productName = "DFSM Fantasy Sports";
			productReference = 7FCB8FA82D30349F000C0A39 /* DFSM Fantasy Sports.app */;
			productType = "com.apple.product-type.application";
		};
		7FCB8FB72D3034A2000C0A39 /* DFSM Fantasy SportsTests */ = {
			isa = PBXNativeTarget;
			buildConfigurationList = 7FCB8FCF2D3034A2000C0A39 /* Build configuration list for PBXNativeTarget "DFSM Fantasy SportsTests" */;
			buildPhases = (
				7FCB8FB42D3034A2000C0A39 /* Sources */,
				7FCB8FB52D3034A2000C0A39 /* Frameworks */,
				7FCB8FB62D3034A2000C0A39 /* Resources */,
			);
			buildRules = (
			);
			dependencies = (
				7FCB8FBA2D3034A2000C0A39 /* PBXTargetDependency */,
			);
			fileSystemSynchronizedGroups = (
				7FCB8FBB2D3034A2000C0A39 /* DFSM Fantasy SportsTests */,
			);
			name = "DFSM Fantasy SportsTests";
			packageProductDependencies = (
			);
			productName = "DFSM Fantasy SportsTests";
			productReference = 7FCB8FB82D3034A2000C0A39 /* DFSM Fantasy SportsTests.xctest */;
			productType = "com.apple.product-type.bundle.unit-test";
		};
		7FCB8FC12D3034A2000C0A39 /* DFSM Fantasy SportsUITests */ = {
			isa = PBXNativeTarget;
			buildConfigurationList = 7FCB8FD22D3034A2000C0A39 /* Build configuration list for PBXNativeTarget "DFSM Fantasy SportsUITests" */;
			buildPhases = (
				7FCB8FBE2D3034A2000C0A39 /* Sources */,
				7FCB8FBF2D3034A2000C0A39 /* Frameworks */,
				7FCB8FC02D3034A2000C0A39 /* Resources */,
			);
			buildRules = (
			);
			dependencies = (
				7FCB8FC42D3034A2000C0A39 /* PBXTargetDependency */,
			);
			fileSystemSynchronizedGroups = (
				7FCB8FC52D3034A2000C0A39 /* DFSM Fantasy SportsUITests */,
			);
			name = "DFSM Fantasy SportsUITests";
			packageProductDependencies = (
			);
			productName = "DFSM Fantasy SportsUITests";
			productReference = 7FCB8FC22D3034A2000C0A39 /* DFSM Fantasy SportsUITests.xctest */;
			productType = "com.apple.product-type.bundle.ui-testing";
		};
/* End PBXNativeTarget section */

/* Begin PBXProject section */
		7FCB8FA02D30349F000C0A39 /* Project object */ = {
			isa = PBXProject;
			attributes = {
				BuildIndependentTargetsInParallel = 1;
				LastSwiftUpdateCheck = 1620;
				LastUpgradeCheck = 1620;
				TargetAttributes = {
					7FCB8FA72D30349F000C0A39 = {
						CreatedOnToolsVersion = 16.2;
					};
					7FCB8FB72D3034A2000C0A39 = {
						CreatedOnToolsVersion = 16.2;
						TestTargetID = 7FCB8FA72D30349F000C0A39;
					};
					7FCB8FC12D3034A2000C0A39 = {
						CreatedOnToolsVersion = 16.2;
						TestTargetID = 7FCB8FA72D30349F000C0A39;
					};
				};
			};
			buildConfigurationList = 7FCB8FA32D30349F000C0A39 /* Build configuration list for PBXProject "DFSM Fantasy Sports" */;
			developmentRegion = en;
			hasScannedForEncodings = 0;
			knownRegions = (
				en,
				Base,
			);
			mainGroup = 7FCB8F9F2D30349F000C0A39;
			minimizedProjectReferenceProxies = 1;
			preferredProjectObjectVersion = 77;
			productRefGroup = 7FCB8FA92D30349F000C0A39 /* Products */;
			projectDirPath = "";
			projectRoot = "";
			targets = (
				7FCB8FA72D30349F000C0A39 /* DFSM Fantasy Sports */,
				7FCB8FB72D3034A2000C0A39 /* DFSM Fantasy SportsTests */,
				7FCB8FC12D3034A2000C0A39 /* DFSM Fantasy SportsUITests */,
			);
		};
/* End PBXProject section */

/* Begin PBXResourcesBuildPhase section */
		7FCB8FA62D30349F000C0A39 /* Resources */ = {
			isa = PBXResourcesBuildPhase;
			buildActionMask = 2147483647;
			files = (
			);
			runOnlyForDeploymentPostprocessing = 0;
		};
		7FCB8FB62D3034A2000C0A39 /* Resources */ = {
			isa = PBXResourcesBuildPhase;
			buildActionMask = 2147483647;
			files = (
			);
			runOnlyForDeploymentPostprocessing = 0;
		};
		7FCB8FC02D3034A2000C0A39 /* Resources */ = {
			isa = PBXResourcesBuildPhase;
			buildActionMask = 2147483647;
			files = (
			);
			runOnlyForDeploymentPostprocessing = 0;
		};
/* End PBXResourcesBuildPhase section */

/* Begin PBXSourcesBuildPhase section */
		7FCB8FA42D30349F000C0A39 /* Sources */ = {
			isa = PBXSourcesBuildPhase;
			buildActionMask = 2147483647;
			files = (
			);
			runOnlyForDeploymentPostprocessing = 0;
		};
		7FCB8FB42D3034A2000C0A39 /* Sources */ = {
			isa = PBXSourcesBuildPhase;
			buildActionMask = 2147483647;
			files = (
			);
			runOnlyForDeploymentPostprocessing = 0;
		};
		7FCB8FBE2D3034A2000C0A39 /* Sources */ = {
			isa = PBXSourcesBuildPhase;
			buildActionMask = 2147483647;
			files = (
			);
			runOnlyForDeploymentPostprocessing = 0;
		};
/* End PBXSourcesBuildPhase section */

/* Begin PBXTargetDependency section */
		7FCB8FBA2D3034A2000C0A39 /* PBXTargetDependency */ = {
			isa = PBXTargetDependency;
			target = 7FCB8FA72D30349F000C0A39 /* DFSM Fantasy Sports */;
			targetProxy = 7FCB8FB92D3034A2000C0A39 /* PBXContainerItemProxy */;
		};
		7FCB8FC42D3034A2000C0A39 /* PBXTargetDependency */ = {
			isa = PBXTargetDependency;
			target = 7FCB8FA72D30349F000C0A39 /* DFSM Fantasy Sports */;
			targetProxy = 7FCB8FC32D3034A2000C0A39 /* PBXContainerItemProxy */;
		};
/* End PBXTargetDependency section */

/* Begin XCBuildConfiguration section */
		7FCB8FCA2D3034A2000C0A39 /* Debug */ = {
			isa = XCBuildConfiguration;
			buildSettings = {
				ALWAYS_SEARCH_USER_PATHS = NO;
				ASSETCATALOG_COMPILER_GENERATE_SWIFT_ASSET_SYMBOL_EXTENSIONS = YES;
				CLANG_ANALYZER_NONNULL = YES;
				CLANG_ANALYZER_NUMBER_OBJECT_CONVERSION = YES_AGGRESSIVE;
				CLANG_CXX_LANGUAGE_STANDARD = "gnu++20";
				CLANG_ENABLE_MODULES = YES;
				CLANG_ENABLE_OBJC_ARC = YES;
				CLANG_ENABLE_OBJC_WEAK = YES;
				CLANG_WARN_BLOCK_CAPTURE_AUTORELEASING = YES;
				CLANG_WARN_BOOL_CONVERSION = YES;
				CLANG_WARN_COMMA = YES;
				CLANG_WARN_CONSTANT_CONVERSION = YES;
				CLANG_WARN_DEPRECATED_OBJC_IMPLEMENTATIONS = YES;
				CLANG_WARN_DIRECT_OBJC_ISA_USAGE = YES_ERROR;
				CLANG_WARN_DOCUMENTATION_COMMENTS = YES;
				CLANG_WARN_EMPTY_BODY = YES;
				CLANG_WARN_ENUM_CONVERSION = YES;
				CLANG_WARN_INFINITE_RECURSION = YES;
				CLANG_WARN_INT_CONVERSION = YES;
				CLANG_WARN_NON_LITERAL_NULL_CONVERSION = YES;
				CLANG_WARN_OBJC_IMPLICIT_RETAIN_SELF = YES;
				CLANG_WARN_OBJC_LITERAL_CONVERSION = YES;
				CLANG_WARN_OBJC_ROOT_CLASS = YES_ERROR;
				CLANG_WARN_QUOTED_INCLUDE_IN_FRAMEWORK_HEADER = YES;
				CLANG_WARN_RANGE_LOOP_ANALYSIS = YES;
				CLANG_WARN_STRICT_PROTOTYPES = YES;
				CLANG_WARN_SUSPICIOUS_MOVE = YES;
				CLANG_WARN_UNGUARDED_AVAILABILITY = YES_AGGRESSIVE;
				CLANG_WARN_UNREACHABLE_CODE = YES;
				CLANG_WARN__DUPLICATE_METHOD_MATCH = YES;
				COPY_PHASE_STRIP = NO;
				DEBUG_INFORMATION_FORMAT = dwarf;
				ENABLE_STRICT_OBJC_MSGSEND = YES;
				ENABLE_TESTABILITY = YES;
				ENABLE_USER_SCRIPT_SANDBOXING = YES;
				GCC_C_LANGUAGE_STANDARD = gnu17;
				GCC_DYNAMIC_NO_PIC = NO;
				GCC_NO_COMMON_BLOCKS = YES;
				GCC_OPTIMIZATION_LEVEL = 0;
				GCC_PREPROCESSOR_DEFINITIONS = (
					"DEBUG=1",
					"$(inherited)",
				);
				GCC_WARN_64_TO_32_BIT_CONVERSION = YES;
				GCC_WARN_ABOUT_RETURN_TYPE = YES_ERROR;
				GCC_WARN_UNDECLARED_SELECTOR = YES;
				GCC_WARN_UNINITIALIZED_AUTOS = YES_AGGRESSIVE;
				GCC_WARN_UNUSED_FUNCTION = YES;
				GCC_WARN_UNUSED_VARIABLE = YES;
				IPHONEOS_DEPLOYMENT_TARGET = 18.2;
				LOCALIZATION_PREFERS_STRING_CATALOGS = YES;
				MTL_ENABLE_DEBUG_INFO = INCLUDE_SOURCE;
				MTL_FAST_MATH = YES;
				ONLY_ACTIVE_ARCH = YES;
				SDKROOT = iphoneos;
				SWIFT_ACTIVE_COMPILATION_CONDITIONS = "DEBUG $(inherited)";
				SWIFT_OPTIMIZATION_LEVEL = "-Onone";
			};
			name = Debug;
		};
		7FCB8FCB2D3034A2000C0A39 /* Release */ = {
			isa = XCBuildConfiguration;
			buildSettings = {
				ALWAYS_SEARCH_USER_PATHS = NO;
				ASSETCATALOG_COMPILER_GENERATE_SWIFT_ASSET_SYMBOL_EXTENSIONS = YES;
				CLANG_ANALYZER_NONNULL = YES;
				CLANG_ANALYZER_NUMBER_OBJECT_CONVERSION = YES_AGGRESSIVE;
				CLANG_CXX_LANGUAGE_STANDARD = "gnu++20";
				CLANG_ENABLE_MODULES = YES;
				CLANG_ENABLE_OBJC_ARC = YES;
				CLANG_ENABLE_OBJC_WEAK = YES;
				CLANG_WARN_BLOCK_CAPTURE_AUTORELEASING = YES;
				CLANG_WARN_BOOL_CONVERSION = YES;
				CLANG_WARN_COMMA = YES;
				CLANG_WARN_CONSTANT_CONVERSION = YES;
				CLANG_WARN_DEPRECATED_OBJC_IMPLEMENTATIONS = YES;
				CLANG_WARN_DIRECT_OBJC_ISA_USAGE = YES_ERROR;
				CLANG_WARN_DOCUMENTATION_COMMENTS = YES;
				CLANG_WARN_EMPTY_BODY = YES;
				CLANG_WARN_ENUM_CONVERSION = YES;
				CLANG_WARN_INFINITE_RECURSION = YES;
				CLANG_WARN_INT_CONVERSION = YES;
				CLANG_WARN_NON_LITERAL_NULL_CONVERSION = YES;
				CLANG_WARN_OBJC_IMPLICIT_RETAIN_SELF = YES;
				CLANG_WARN_OBJC_LITERAL_CONVERSION = YES;
				CLANG_WARN_OBJC_ROOT_CLASS = YES_ERROR;
				CLANG_WARN_QUOTED_INCLUDE_IN_FRAMEWORK_HEADER = YES;
				CLANG_WARN_RANGE_LOOP_ANALYSIS = YES;
				CLANG_WARN_STRICT_PROTOTYPES = YES;
				CLANG_WARN_SUSPICIOUS_MOVE = YES;
				CLANG_WARN_UNGUARDED_AVAILABILITY = YES_AGGRESSIVE;
				CLANG_WARN_UNREACHABLE_CODE = YES;
				CLANG_WARN__DUPLICATE_METHOD_MATCH = YES;
				COPY_PHASE_STRIP = NO;
				DEBUG_INFORMATION_FORMAT = "dwarf-with-dsym";
				ENABLE_NS_ASSERTIONS = NO;
				ENABLE_STRICT_OBJC_MSGSEND = YES;
				ENABLE_USER_SCRIPT_SANDBOXING = YES;
				GCC_C_LANGUAGE_STANDARD = gnu17;
				GCC_NO_COMMON_BLOCKS = YES;
				GCC_WARN_64_TO_32_BIT_CONVERSION = YES;
				GCC_WARN_ABOUT_RETURN_TYPE = YES_ERROR;
				GCC_WARN_UNDECLARED_SELECTOR = YES;
				GCC_WARN_UNINITIALIZED_AUTOS = YES_AGGRESSIVE;
				GCC_WARN_UNUSED_FUNCTION = YES;
				GCC_WARN_UNUSED_VARIABLE = YES;
				IPHONEOS_DEPLOYMENT_TARGET = 18.2;
				LOCALIZATION_PREFERS_STRING_CATALOGS = YES;
				MTL_ENABLE_DEBUG_INFO = NO;
				MTL_FAST_MATH = YES;
				SDKROOT = iphoneos;
				SWIFT_COMPILATION_MODE = wholemodule;
				VALIDATE_PRODUCT = YES;
			};
			name = Release;
		};
		7FCB8FCD2D3034A2000C0A39 /* Debug */ = {
			isa = XCBuildConfiguration;
			buildSettings = {
				ASSETCATALOG_COMPILER_APPICON_NAME = AppIcon;
				ASSETCATALOG_COMPILER_GLOBAL_ACCENT_COLOR_NAME = AccentColor;
				CODE_SIGN_STYLE = Automatic;
				CURRENT_PROJECT_VERSION = 1;
				DEVELOPMENT_ASSET_PATHS = "\"DFSM Fantasy Sports/Preview Content\"";
				ENABLE_PREVIEWS = YES;
				GENERATE_INFOPLIST_FILE = YES;
				INFOPLIST_KEY_LSApplicationCategoryType = "public.app-category.sports-games";
				INFOPLIST_KEY_UIApplicationSceneManifest_Generation = YES;
				INFOPLIST_KEY_UIApplicationSupportsIndirectInputEvents = YES;
				INFOPLIST_KEY_UILaunchScreen_Generation = YES;
				INFOPLIST_KEY_UISupportedInterfaceOrientations_iPad = "UIInterfaceOrientationPortrait UIInterfaceOrientationPortraitUpsideDown UIInterfaceOrientationLandscapeLeft UIInterfaceOrientationLandscapeRight";
				INFOPLIST_KEY_UISupportedInterfaceOrientations_iPhone = "UIInterfaceOrientationPortrait UIInterfaceOrientationLandscapeLeft UIInterfaceOrientationLandscapeRight";
				LD_RUNPATH_SEARCH_PATHS = (
					"$(inherited)",
					"@executable_path/Frameworks",
				);
				MARKETING_VERSION = 1.0;
				PRODUCT_BUNDLE_IDENTIFIER = "DFSM.DFSM-Fantasy-Sports";
				PRODUCT_NAME = "$(TARGET_NAME)";
				SWIFT_EMIT_LOC_STRINGS = YES;
				SWIFT_VERSION = 5.0;
				TARGETED_DEVICE_FAMILY = "1,2";
			};
			name = Debug;
		};
		7FCB8FCE2D3034A2000C0A39 /* Release */ = {
			isa = XCBuildConfiguration;
			buildSettings = {
				ASSETCATALOG_COMPILER_APPICON_NAME = AppIcon;
				ASSETCATALOG_COMPILER_GLOBAL_ACCENT_COLOR_NAME = AccentColor;
				CODE_SIGN_STYLE = Automatic;
				CURRENT_PROJECT_VERSION = 1;
				DEVELOPMENT_ASSET_PATHS = "\"DFSM Fantasy Sports/Preview Content\"";
				ENABLE_PREVIEWS = YES;
				GENERATE_INFOPLIST_FILE = YES;
				INFOPLIST_KEY_LSApplicationCategoryType = "public.app-category.sports-games";
				INFOPLIST_KEY_UIApplicationSceneManifest_Generation = YES;
				INFOPLIST_KEY_UIApplicationSupportsIndirectInputEvents = YES;
				INFOPLIST_KEY_UILaunchScreen_Generation = YES;
				INFOPLIST_KEY_UISupportedInterfaceOrientations_iPad = "UIInterfaceOrientationPortrait UIInterfaceOrientationPortraitUpsideDown UIInterfaceOrientationLandscapeLeft UIInterfaceOrientationLandscapeRight";
				INFOPLIST_KEY_UISupportedInterfaceOrientations_iPhone = "UIInterfaceOrientationPortrait UIInterfaceOrientationLandscapeLeft UIInterfaceOrientationLandscapeRight";
				LD_RUNPATH_SEARCH_PATHS = (
					"$(inherited)",
					"@executable_path/Frameworks",
				);
				MARKETING_VERSION = 1.0;
				PRODUCT_BUNDLE_IDENTIFIER = "DFSM.DFSM-Fantasy-Sports";
				PRODUCT_NAME = "$(TARGET_NAME)";
				SWIFT_EMIT_LOC_STRINGS = YES;
				SWIFT_VERSION = 5.0;
				TARGETED_DEVICE_FAMILY = "1,2";
			};
			name = Release;
		};
		7FCB8FD02D3034A2000C0A39 /* Debug */ = {
			isa = XCBuildConfiguration;
			buildSettings = {
				BUNDLE_LOADER = "$(TEST_HOST)";
				CODE_SIGN_STYLE = Automatic;
				CURRENT_PROJECT_VERSION = 1;
				GENERATE_INFOPLIST_FILE = YES;
				IPHONEOS_DEPLOYMENT_TARGET = 18.2;
				MARKETING_VERSION = 1.0;
				PRODUCT_BUNDLE_IDENTIFIER = "DFSM.DFSM-Fantasy-SportsTests";
				PRODUCT_NAME = "$(TARGET_NAME)";
				SWIFT_EMIT_LOC_STRINGS = NO;
				SWIFT_VERSION = 5.0;
				TARGETED_DEVICE_FAMILY = "1,2";
				TEST_HOST = "$(BUILT_PRODUCTS_DIR)/DFSM Fantasy Sports.app/$(BUNDLE_EXECUTABLE_FOLDER_PATH)/DFSM Fantasy Sports";
			};
			name = Debug;
		};
		7FCB8FD12D3034A2000C0A39 /* Release */ = {
			isa = XCBuildConfiguration;
			buildSettings = {
				BUNDLE_LOADER = "$(TEST_HOST)";
				CODE_SIGN_STYLE = Automatic;
				CURRENT_PROJECT_VERSION = 1;
				GENERATE_INFOPLIST_FILE = YES;
				IPHONEOS_DEPLOYMENT_TARGET = 18.2;
				MARKETING_VERSION = 1.0;
				PRODUCT_BUNDLE_IDENTIFIER = "DFSM.DFSM-Fantasy-SportsTests";
				PRODUCT_NAME = "$(TARGET_NAME)";
				SWIFT_EMIT_LOC_STRINGS = NO;
				SWIFT_VERSION = 5.0;
				TARGETED_DEVICE_FAMILY = "1,2";
				TEST_HOST = "$(BUILT_PRODUCTS_DIR)/DFSM Fantasy Sports.app/$(BUNDLE_EXECUTABLE_FOLDER_PATH)/DFSM Fantasy Sports";
			};
			name = Release;
		};
		7FCB8FD32D3034A2000C0A39 /* Debug */ = {
			isa = XCBuildConfiguration;
			buildSettings = {
				CODE_SIGN_STYLE = Automatic;
				CURRENT_PROJECT_VERSION = 1;
				GENERATE_INFOPLIST_FILE = YES;
				MARKETING_VERSION = 1.0;
				PRODUCT_BUNDLE_IDENTIFIER = "DFSM.DFSM-Fantasy-SportsUITests";
				PRODUCT_NAME = "$(TARGET_NAME)";
				SWIFT_EMIT_LOC_STRINGS = NO;
				SWIFT_VERSION = 5.0;
				TARGETED_DEVICE_FAMILY = "1,2";
				TEST_TARGET_NAME = "DFSM Fantasy Sports";
			};
			name = Debug;
		};
		7FCB8FD42D3034A2000C0A39 /* Release */ = {
			isa = XCBuildConfiguration;
			buildSettings = {
				CODE_SIGN_STYLE = Automatic;
				CURRENT_PROJECT_VERSION = 1;
				GENERATE_INFOPLIST_FILE = YES;
				MARKETING_VERSION = 1.0;
				PRODUCT_BUNDLE_IDENTIFIER = "DFSM.DFSM-Fantasy-SportsUITests";
				PRODUCT_NAME = "$(TARGET_NAME)";
				SWIFT_EMIT_LOC_STRINGS = NO;
				SWIFT_VERSION = 5.0;
				TARGETED_DEVICE_FAMILY = "1,2";
				TEST_TARGET_NAME = "DFSM Fantasy Sports";
			};
			name = Release;
		};
/* End XCBuildConfiguration section */

/* Begin XCConfigurationList section */
		7FCB8FA32D30349F000C0A39 /* Build configuration list for PBXProject "DFSM Fantasy Sports" */ = {
			isa = XCConfigurationList;
			buildConfigurations = (
				7FCB8FCA2D3034A2000C0A39 /* Debug */,
				7FCB8FCB2D3034A2000C0A39 /* Release */,
			);
			defaultConfigurationIsVisible = 0;
			defaultConfigurationName = Release;
		};
		7FCB8FCC2D3034A2000C0A39 /* Build configuration list for PBXNativeTarget "DFSM Fantasy Sports" */ = {
			isa = XCConfigurationList;
			buildConfigurations = (
				7FCB8FCD2D3034A2000C0A39 /* Debug */,
				7FCB8FCE2D3034A2000C0A39 /* Release */,
			);
			defaultConfigurationIsVisible = 0;
			defaultConfigurationName = Release;
		};
		7FCB8FCF2D3034A2000C0A39 /* Build configuration list for PBXNativeTarget "DFSM Fantasy SportsTests" */ = {
			isa = XCConfigurationList;
			buildConfigurations = (
				7FCB8FD02D3034A2000C0A39 /* Debug */,
				7FCB8FD12D3034A2000C0A39 /* Release */,
			);
			defaultConfigurationIsVisible = 0;
			defaultConfigurationName = Release;
		};
		7FCB8FD22D3034A2000C0A39 /* Build configuration list for PBXNativeTarget "DFSM Fantasy SportsUITests" */ = {
			isa = XCConfigurationList;
			buildConfigurations = (
				7FCB8FD32D3034A2000C0A39 /* Debug */,
				7FCB8FD42D3034A2000C0A39 /* Release */,
			);
			defaultConfigurationIsVisible = 0;
			defaultConfigurationName = Release;
		};
/* End XCConfigurationList section */
	};
	rootObject = 7FCB8FA02D30349F000C0A39 /* Project object */;
}
